// !$*UTF8*$!
{
	archiveVersion = 1;
	classes = {
	};
	objectVersion = 46;
	objects = {

/* Begin PBXBuildFile section */
		BF1681111AE984DA00FB1755 /* modiqus.h in Headers */ = {isa = PBXBuildFile; fileRef = BF2C5E5D18685BE500DF51F5 /* modiqus.h */; };
		BF1681121AE984DD00FB1755 /* mq_core_events.h in Headers */ = {isa = PBXBuildFile; fileRef = BF2C5E5118685BE500DF51F5 /* mq_core_events.h */; };
		BF1681131AE984E000FB1755 /* mq_debug.h in Headers */ = {isa = PBXBuildFile; fileRef = BF2C5E5218685BE500DF51F5 /* mq_debug.h */; };
		BF1681141AE984E300FB1755 /* mq_event.h in Headers */ = {isa = PBXBuildFile; fileRef = BF2C5E5318685BE500DF51F5 /* mq_event.h */; };
		BF1681151AE984E700FB1755 /* mq_io.h in Headers */ = {isa = PBXBuildFile; fileRef = BF2C5E5418685BE500DF51F5 /* mq_io.h */; };
		BF1681161AE984E900FB1755 /* mq_utils_math.h in Headers */ = {isa = PBXBuildFile; fileRef = BF2C5E5518685BE500DF51F5 /* mq_utils_math.h */; };
		BF1681171AE984ED00FB1755 /* mq_thread.h in Headers */ = {isa = PBXBuildFile; fileRef = BF2C5E5618685BE500DF51F5 /* mq_thread.h */; };
		BF1681181AE984F000FB1755 /* mq_types.h in Headers */ = {isa = PBXBuildFile; fileRef = BF2C5E5718685BE500DF51F5 /* mq_types.h */; };
		BF1681191AE984F500FB1755 /* mq_utils_system.h in Headers */ = {isa = PBXBuildFile; fileRef = BF2C5E5818685BE500DF51F5 /* mq_utils_system.h */; };
		BF16811A1AE9850600FB1755 /* mqConfiguration.h in Headers */ = {isa = PBXBuildFile; fileRef = BF2C5E5B18685BE500DF51F5 /* mqConfiguration.h */; };
		BF16811B1AE9850900FB1755 /* mqCore.h in Headers */ = {isa = PBXBuildFile; fileRef = BF2C5E5A18685BE500DF51F5 /* mqCore.h */; };
		BF16811C1AE9850E00FB1755 /* mqCsoundWrapper.h in Headers */ = {isa = PBXBuildFile; fileRef = BF2C5E5C18685BE500DF51F5 /* mqCsoundWrapper.h */; };
		BF28E5C718BD42810037D98E /* mqCore.cpp in Sources */ = {isa = PBXBuildFile; fileRef = BF2C5E6D18685BF000DF51F5 /* mqCore.cpp */; };
		BF5DA3BD18BD22260053453C /* mqCsoundWrapper.cpp in Sources */ = {isa = PBXBuildFile; fileRef = BF2C5E6F18685BF000DF51F5 /* mqCsoundWrapper.cpp */; };
		BF5DA3BF18BD23560053453C /* libmodiqus.a in Frameworks */ = {isa = PBXBuildFile; fileRef = BF5DA3A718BD1A550053453C /* libmodiqus.a */; };
		BF5DA3C318BD26E40053453C /* mqConfiguration.cpp in Sources */ = {isa = PBXBuildFile; fileRef = BF2C5E6E18685BF000DF51F5 /* mqConfiguration.cpp */; };
		BF92230B18BA2CFF00EFD7E8 /* main.cpp in Sources */ = {isa = PBXBuildFile; fileRef = BF92230A18BA2CFF00EFD7E8 /* main.cpp */; };
		BFD7996D1AF00E5E006AB607 /* mqFFT.h in Headers */ = {isa = PBXBuildFile; fileRef = BFD7996C1AF00E5E006AB607 /* mqFFT.h */; };
		BFD7996F1AF00E73006AB607 /* mqFFT.cpp in Sources */ = {isa = PBXBuildFile; fileRef = BFD7996E1AF00E73006AB607 /* mqFFT.cpp */; };
/* End PBXBuildFile section */

/* Begin PBXContainerItemProxy section */
		BF5DA3C418BD27F10053453C /* PBXContainerItemProxy */ = {
			isa = PBXContainerItemProxy;
			containerPortal = BF2C5E411868565000DF51F5 /* Project object */;
			proxyType = 1;
			remoteGlobalIDString = BF5DA3A618BD1A550053453C;
			remoteInfo = test;
		};
/* End PBXContainerItemProxy section */

/* Begin PBXCopyFilesBuildPhase section */
		BF92230618BA2CFF00EFD7E8 /* CopyFiles */ = {
			isa = PBXCopyFilesBuildPhase;
			buildActionMask = 12;
			dstPath = /usr/share/man/man1/;
			dstSubfolderSpec = 0;
			files = (
			);
			runOnlyForDeploymentPostprocessing = 0;
		};
/* End PBXCopyFilesBuildPhase section */

/* Begin PBXFileReference section */
		BF1680C21AE97AF300FB1755 /* mqAnalysis.cpp */ = {isa = PBXFileReference; fileEncoding = 4; lastKnownFileType = sourcecode.cpp.cpp; path = mqAnalysis.cpp; sourceTree = "<group>"; };
		BF1680C51AE97C2300FB1755 /* mqAnalysis.h */ = {isa = PBXFileReference; fileEncoding = 4; lastKnownFileType = sourcecode.c.h; path = mqAnalysis.h; sourceTree = "<group>"; };
		BF1680CC1AE9846100FB1755 /* api.h */ = {isa = PBXFileReference; lastKnownFileType = sourcecode.c.h; name = api.h; path = ext/fftw/inc/api.h; sourceTree = "<group>"; };
		BF1680CD1AE9846100FB1755 /* f77funcs.h */ = {isa = PBXFileReference; lastKnownFileType = sourcecode.c.h; name = f77funcs.h; path = ext/fftw/inc/f77funcs.h; sourceTree = "<group>"; };
		BF1680CE1AE9846100FB1755 /* fftw3.h */ = {isa = PBXFileReference; lastKnownFileType = sourcecode.c.h; name = fftw3.h; path = ext/fftw/inc/fftw3.h; sourceTree = "<group>"; };
		BF1680CF1AE9846100FB1755 /* guru.h */ = {isa = PBXFileReference; lastKnownFileType = sourcecode.c.h; name = guru.h; path = ext/fftw/inc/guru.h; sourceTree = "<group>"; };
		BF1680D01AE9846100FB1755 /* guru64.h */ = {isa = PBXFileReference; lastKnownFileType = sourcecode.c.h; name = guru64.h; path = ext/fftw/inc/guru64.h; sourceTree = "<group>"; };
		BF1680D11AE9846100FB1755 /* mktensor-iodims.h */ = {isa = PBXFileReference; lastKnownFileType = sourcecode.c.h; name = "mktensor-iodims.h"; path = "ext/fftw/inc/mktensor-iodims.h"; sourceTree = "<group>"; };
		BF1680D21AE9846100FB1755 /* plan-guru-dft-c2r.h */ = {isa = PBXFileReference; lastKnownFileType = sourcecode.c.h; name = "plan-guru-dft-c2r.h"; path = "ext/fftw/inc/plan-guru-dft-c2r.h"; sourceTree = "<group>"; };
		BF1680D31AE9846100FB1755 /* plan-guru-dft-r2c.h */ = {isa = PBXFileReference; lastKnownFileType = sourcecode.c.h; name = "plan-guru-dft-r2c.h"; path = "ext/fftw/inc/plan-guru-dft-r2c.h"; sourceTree = "<group>"; };
		BF1680D41AE9846100FB1755 /* plan-guru-dft.h */ = {isa = PBXFileReference; lastKnownFileType = sourcecode.c.h; name = "plan-guru-dft.h"; path = "ext/fftw/inc/plan-guru-dft.h"; sourceTree = "<group>"; };
		BF1680D51AE9846100FB1755 /* plan-guru-r2r.h */ = {isa = PBXFileReference; lastKnownFileType = sourcecode.c.h; name = "plan-guru-r2r.h"; path = "ext/fftw/inc/plan-guru-r2r.h"; sourceTree = "<group>"; };
		BF1680D61AE9846100FB1755 /* plan-guru-split-dft-c2r.h */ = {isa = PBXFileReference; lastKnownFileType = sourcecode.c.h; name = "plan-guru-split-dft-c2r.h"; path = "ext/fftw/inc/plan-guru-split-dft-c2r.h"; sourceTree = "<group>"; };
		BF1680D71AE9846100FB1755 /* plan-guru-split-dft-r2c.h */ = {isa = PBXFileReference; lastKnownFileType = sourcecode.c.h; name = "plan-guru-split-dft-r2c.h"; path = "ext/fftw/inc/plan-guru-split-dft-r2c.h"; sourceTree = "<group>"; };
		BF1680D81AE9846100FB1755 /* plan-guru-split-dft.h */ = {isa = PBXFileReference; lastKnownFileType = sourcecode.c.h; name = "plan-guru-split-dft.h"; path = "ext/fftw/inc/plan-guru-split-dft.h"; sourceTree = "<group>"; };
		BF1680D91AE9846100FB1755 /* x77.h */ = {isa = PBXFileReference; lastKnownFileType = sourcecode.c.h; name = x77.h; path = ext/fftw/inc/x77.h; sourceTree = "<group>"; };
		BF1680DB1AE984AF00FB1755 /* cfgvar.h */ = {isa = PBXFileReference; fileEncoding = 4; lastKnownFileType = sourcecode.c.h; name = cfgvar.h; path = ext/csound/debug/CsoundLib.framework/Versions/6.0/Headers/cfgvar.h; sourceTree = "<group>"; };
		BF1680DC1AE984AF00FB1755 /* CppSound.hpp */ = {isa = PBXFileReference; fileEncoding = 4; lastKnownFileType = sourcecode.cpp.h; name = CppSound.hpp; path = ext/csound/debug/CsoundLib.framework/Versions/6.0/Headers/CppSound.hpp; sourceTree = "<group>"; };
		BF1680DD1AE984AF00FB1755 /* cs_par_structs.h */ = {isa = PBXFileReference; fileEncoding = 4; lastKnownFileType = sourcecode.c.h; name = cs_par_structs.h; path = ext/csound/debug/CsoundLib.framework/Versions/6.0/Headers/cs_par_structs.h; sourceTree = "<group>"; };
		BF1680DE1AE984AF00FB1755 /* cscore.h */ = {isa = PBXFileReference; fileEncoding = 4; lastKnownFileType = sourcecode.c.h; name = cscore.h; path = ext/csound/debug/CsoundLib.framework/Versions/6.0/Headers/cscore.h; sourceTree = "<group>"; };
		BF1680DF1AE984AF00FB1755 /* csdebug.h */ = {isa = PBXFileReference; fileEncoding = 4; lastKnownFileType = sourcecode.c.h; name = csdebug.h; path = ext/csound/debug/CsoundLib.framework/Versions/6.0/Headers/csdebug.h; sourceTree = "<group>"; };
		BF1680E01AE984AF00FB1755 /* csdl.h */ = {isa = PBXFileReference; fileEncoding = 4; lastKnownFileType = sourcecode.c.h; name = csdl.h; path = ext/csound/debug/CsoundLib.framework/Versions/6.0/Headers/csdl.h; sourceTree = "<group>"; };
		BF1680E11AE984AF00FB1755 /* csound_data_structures.h */ = {isa = PBXFileReference; fileEncoding = 4; lastKnownFileType = sourcecode.c.h; name = csound_data_structures.h; path = ext/csound/debug/CsoundLib.framework/Versions/6.0/Headers/csound_data_structures.h; sourceTree = "<group>"; };
		BF1680E21AE984AF00FB1755 /* csound_standard_types.h */ = {isa = PBXFileReference; fileEncoding = 4; lastKnownFileType = sourcecode.c.h; name = csound_standard_types.h; path = ext/csound/debug/CsoundLib.framework/Versions/6.0/Headers/csound_standard_types.h; sourceTree = "<group>"; };
		BF1680E31AE984AF00FB1755 /* csound_type_system.h */ = {isa = PBXFileReference; fileEncoding = 4; lastKnownFileType = sourcecode.c.h; name = csound_type_system.h; path = ext/csound/debug/CsoundLib.framework/Versions/6.0/Headers/csound_type_system.h; sourceTree = "<group>"; };
		BF1680E41AE984AF00FB1755 /* csound.h */ = {isa = PBXFileReference; fileEncoding = 4; lastKnownFileType = sourcecode.c.h; name = csound.h; path = ext/csound/debug/CsoundLib.framework/Versions/6.0/Headers/csound.h; sourceTree = "<group>"; };
		BF1680E51AE984AF00FB1755 /* csound.hpp */ = {isa = PBXFileReference; fileEncoding = 4; lastKnownFileType = sourcecode.cpp.h; name = csound.hpp; path = ext/csound/debug/CsoundLib.framework/Versions/6.0/Headers/csound.hpp; sourceTree = "<group>"; };
		BF1680E61AE984AF00FB1755 /* csoundCore.h */ = {isa = PBXFileReference; fileEncoding = 4; lastKnownFileType = sourcecode.c.h; name = csoundCore.h; path = ext/csound/debug/CsoundLib.framework/Versions/6.0/Headers/csoundCore.h; sourceTree = "<group>"; };
		BF1680E71AE984AF00FB1755 /* CsoundFile.hpp */ = {isa = PBXFileReference; fileEncoding = 4; lastKnownFileType = sourcecode.cpp.h; name = CsoundFile.hpp; path = ext/csound/debug/CsoundLib.framework/Versions/6.0/Headers/CsoundFile.hpp; sourceTree = "<group>"; };
		BF1680E81AE984AF00FB1755 /* csPerfThread.hpp */ = {isa = PBXFileReference; fileEncoding = 4; lastKnownFileType = sourcecode.cpp.h; name = csPerfThread.hpp; path = ext/csound/debug/CsoundLib.framework/Versions/6.0/Headers/csPerfThread.hpp; sourceTree = "<group>"; };
		BF1680E91AE984AF00FB1755 /* cwindow.h */ = {isa = PBXFileReference; fileEncoding = 4; lastKnownFileType = sourcecode.c.h; name = cwindow.h; path = ext/csound/debug/CsoundLib.framework/Versions/6.0/Headers/cwindow.h; sourceTree = "<group>"; };
		BF1680EA1AE984AF00FB1755 /* filebuilding.h */ = {isa = PBXFileReference; fileEncoding = 4; lastKnownFileType = sourcecode.c.h; name = filebuilding.h; path = ext/csound/debug/CsoundLib.framework/Versions/6.0/Headers/filebuilding.h; sourceTree = "<group>"; };
		BF1680EB1AE984AF00FB1755 /* float-version.h */ = {isa = PBXFileReference; fileEncoding = 4; lastKnownFileType = sourcecode.c.h; name = "float-version.h"; path = "ext/csound/debug/CsoundLib.framework/Versions/6.0/Headers/float-version.h"; sourceTree = "<group>"; };
		BF1680EC1AE984AF00FB1755 /* interlocks.h */ = {isa = PBXFileReference; fileEncoding = 4; lastKnownFileType = sourcecode.c.h; name = interlocks.h; path = ext/csound/debug/CsoundLib.framework/Versions/6.0/Headers/interlocks.h; sourceTree = "<group>"; };
		BF1680ED1AE984AF00FB1755 /* msg_attr.h */ = {isa = PBXFileReference; fileEncoding = 4; lastKnownFileType = sourcecode.c.h; name = msg_attr.h; path = ext/csound/debug/CsoundLib.framework/Versions/6.0/Headers/msg_attr.h; sourceTree = "<group>"; };
		BF1680EE1AE984AF00FB1755 /* OpcodeBase.hpp */ = {isa = PBXFileReference; fileEncoding = 4; lastKnownFileType = sourcecode.cpp.h; name = OpcodeBase.hpp; path = ext/csound/debug/CsoundLib.framework/Versions/6.0/Headers/OpcodeBase.hpp; sourceTree = "<group>"; };
		BF1680EF1AE984AF00FB1755 /* pools.h */ = {isa = PBXFileReference; fileEncoding = 4; lastKnownFileType = sourcecode.c.h; name = pools.h; path = ext/csound/debug/CsoundLib.framework/Versions/6.0/Headers/pools.h; sourceTree = "<group>"; };
		BF1680F01AE984AF00FB1755 /* pstream.h */ = {isa = PBXFileReference; fileEncoding = 4; lastKnownFileType = sourcecode.c.h; name = pstream.h; path = ext/csound/debug/CsoundLib.framework/Versions/6.0/Headers/pstream.h; sourceTree = "<group>"; };
		BF1680F11AE984AF00FB1755 /* pvfileio.h */ = {isa = PBXFileReference; fileEncoding = 4; lastKnownFileType = sourcecode.c.h; name = pvfileio.h; path = ext/csound/debug/CsoundLib.framework/Versions/6.0/Headers/pvfileio.h; sourceTree = "<group>"; };
		BF1680F21AE984AF00FB1755 /* soundio.h */ = {isa = PBXFileReference; fileEncoding = 4; lastKnownFileType = sourcecode.c.h; name = soundio.h; path = ext/csound/debug/CsoundLib.framework/Versions/6.0/Headers/soundio.h; sourceTree = "<group>"; };
		BF1680F31AE984AF00FB1755 /* sysdep.h */ = {isa = PBXFileReference; fileEncoding = 4; lastKnownFileType = sourcecode.c.h; name = sysdep.h; path = ext/csound/debug/CsoundLib.framework/Versions/6.0/Headers/sysdep.h; sourceTree = "<group>"; };
		BF1680F41AE984AF00FB1755 /* text.h */ = {isa = PBXFileReference; fileEncoding = 4; lastKnownFileType = sourcecode.c.h; name = text.h; path = ext/csound/debug/CsoundLib.framework/Versions/6.0/Headers/text.h; sourceTree = "<group>"; };
		BF1680F51AE984AF00FB1755 /* version.h */ = {isa = PBXFileReference; fileEncoding = 4; lastKnownFileType = sourcecode.c.h; name = version.h; path = ext/csound/debug/CsoundLib.framework/Versions/6.0/Headers/version.h; sourceTree = "<group>"; };
		BF2C5E5118685BE500DF51F5 /* mq_core_events.h */ = {isa = PBXFileReference; fileEncoding = 4; lastKnownFileType = sourcecode.c.h; path = mq_core_events.h; sourceTree = "<group>"; };
		BF2C5E5218685BE500DF51F5 /* mq_debug.h */ = {isa = PBXFileReference; fileEncoding = 4; lastKnownFileType = sourcecode.c.h; path = mq_debug.h; sourceTree = "<group>"; };
		BF2C5E5318685BE500DF51F5 /* mq_event.h */ = {isa = PBXFileReference; fileEncoding = 4; lastKnownFileType = sourcecode.c.h; path = mq_event.h; sourceTree = "<group>"; };
		BF2C5E5418685BE500DF51F5 /* mq_io.h */ = {isa = PBXFileReference; fileEncoding = 4; lastKnownFileType = sourcecode.c.h; path = mq_io.h; sourceTree = "<group>"; };
		BF2C5E5518685BE500DF51F5 /* mq_utils_math.h */ = {isa = PBXFileReference; fileEncoding = 4; lastKnownFileType = sourcecode.c.h; path = mq_utils_math.h; sourceTree = "<group>"; };
		BF2C5E5618685BE500DF51F5 /* mq_thread.h */ = {isa = PBXFileReference; fileEncoding = 4; lastKnownFileType = sourcecode.c.h; path = mq_thread.h; sourceTree = "<group>"; };
		BF2C5E5718685BE500DF51F5 /* mq_types.h */ = {isa = PBXFileReference; fileEncoding = 4; lastKnownFileType = sourcecode.c.h; path = mq_types.h; sourceTree = "<group>"; };
		BF2C5E5818685BE500DF51F5 /* mq_utils_system.h */ = {isa = PBXFileReference; fileEncoding = 4; lastKnownFileType = sourcecode.c.h; path = mq_utils_system.h; sourceTree = "<group>"; };
		BF2C5E5A18685BE500DF51F5 /* mqCore.h */ = {isa = PBXFileReference; fileEncoding = 4; lastKnownFileType = sourcecode.c.h; path = mqCore.h; sourceTree = "<group>"; };
		BF2C5E5B18685BE500DF51F5 /* mqConfiguration.h */ = {isa = PBXFileReference; fileEncoding = 4; lastKnownFileType = sourcecode.c.h; path = mqConfiguration.h; sourceTree = "<group>"; };
		BF2C5E5C18685BE500DF51F5 /* mqCsoundWrapper.h */ = {isa = PBXFileReference; fileEncoding = 4; lastKnownFileType = sourcecode.c.h; path = mqCsoundWrapper.h; sourceTree = "<group>"; };
		BF2C5E5D18685BE500DF51F5 /* modiqus.h */ = {isa = PBXFileReference; fileEncoding = 4; lastKnownFileType = sourcecode.c.h; path = modiqus.h; sourceTree = "<group>"; };
		BF2C5E6D18685BF000DF51F5 /* mqCore.cpp */ = {isa = PBXFileReference; fileEncoding = 4; lastKnownFileType = sourcecode.cpp.cpp; path = mqCore.cpp; sourceTree = "<group>"; };
		BF2C5E6E18685BF000DF51F5 /* mqConfiguration.cpp */ = {isa = PBXFileReference; fileEncoding = 4; lastKnownFileType = sourcecode.cpp.cpp; path = mqConfiguration.cpp; sourceTree = "<group>"; };
		BF2C5E6F18685BF000DF51F5 /* mqCsoundWrapper.cpp */ = {isa = PBXFileReference; fileEncoding = 4; lastKnownFileType = sourcecode.cpp.cpp; path = mqCsoundWrapper.cpp; sourceTree = "<group>"; };
		BF2FAE0118B93273007F0519 /* pugiconfig.hpp */ = {isa = PBXFileReference; fileEncoding = 4; lastKnownFileType = sourcecode.cpp.h; path = pugiconfig.hpp; sourceTree = "<group>"; };
		BF2FAE0218B93273007F0519 /* pugixml.cpp */ = {isa = PBXFileReference; fileEncoding = 4; lastKnownFileType = sourcecode.cpp.cpp; path = pugixml.cpp; sourceTree = "<group>"; };
		BF2FAE0318B93273007F0519 /* pugixml.hpp */ = {isa = PBXFileReference; fileEncoding = 4; lastKnownFileType = sourcecode.cpp.h; path = pugixml.hpp; sourceTree = "<group>"; };
		BF5DA3A718BD1A550053453C /* libmodiqus.a */ = {isa = PBXFileReference; explicitFileType = archive.ar; includeInIndex = 0; path = libmodiqus.a; sourceTree = BUILT_PRODUCTS_DIR; };
		BF92230818BA2CFF00EFD7E8 /* test_modiqus */ = {isa = PBXFileReference; explicitFileType = "compiled.mach-o.executable"; includeInIndex = 0; path = test_modiqus; sourceTree = BUILT_PRODUCTS_DIR; };
		BF92230A18BA2CFF00EFD7E8 /* main.cpp */ = {isa = PBXFileReference; lastKnownFileType = sourcecode.cpp.cpp; path = main.cpp; sourceTree = "<group>"; };
		BFD7996C1AF00E5E006AB607 /* mqFFT.h */ = {isa = PBXFileReference; fileEncoding = 4; lastKnownFileType = sourcecode.c.h; path = mqFFT.h; sourceTree = "<group>"; };
		BFD7996E1AF00E73006AB607 /* mqFFT.cpp */ = {isa = PBXFileReference; fileEncoding = 4; lastKnownFileType = sourcecode.cpp.cpp; path = mqFFT.cpp; sourceTree = "<group>"; };
/* End PBXFileReference section */

/* Begin PBXFrameworksBuildPhase section */
		BF5DA3A418BD1A550053453C /* Frameworks */ = {
			isa = PBXFrameworksBuildPhase;
			buildActionMask = 2147483647;
			files = (
			);
			runOnlyForDeploymentPostprocessing = 0;
		};
		BF92230518BA2CFF00EFD7E8 /* Frameworks */ = {
			isa = PBXFrameworksBuildPhase;
			buildActionMask = 2147483647;
			files = (
				BF5DA3BF18BD23560053453C /* libmodiqus.a in Frameworks */,
			);
			runOnlyForDeploymentPostprocessing = 0;
		};
/* End PBXFrameworksBuildPhase section */

/* Begin PBXGroup section */
		BF1680C91AE9836F00FB1755 /* fftw */ = {
			isa = PBXGroup;
			children = (
				BF1680CC1AE9846100FB1755 /* api.h */,
				BF1680CD1AE9846100FB1755 /* f77funcs.h */,
				BF1680CE1AE9846100FB1755 /* fftw3.h */,
				BF1680CF1AE9846100FB1755 /* guru.h */,
				BF1680D01AE9846100FB1755 /* guru64.h */,
				BF1680D11AE9846100FB1755 /* mktensor-iodims.h */,
				BF1680D21AE9846100FB1755 /* plan-guru-dft-c2r.h */,
				BF1680D31AE9846100FB1755 /* plan-guru-dft-r2c.h */,
				BF1680D41AE9846100FB1755 /* plan-guru-dft.h */,
				BF1680D51AE9846100FB1755 /* plan-guru-r2r.h */,
				BF1680D61AE9846100FB1755 /* plan-guru-split-dft-c2r.h */,
				BF1680D71AE9846100FB1755 /* plan-guru-split-dft-r2c.h */,
				BF1680D81AE9846100FB1755 /* plan-guru-split-dft.h */,
				BF1680D91AE9846100FB1755 /* x77.h */,
			);
			name = fftw;
			sourceTree = "<group>";
		};
		BF1680DA1AE984A100FB1755 /* csound */ = {
			isa = PBXGroup;
			children = (
				BF1680DB1AE984AF00FB1755 /* cfgvar.h */,
				BF1680DC1AE984AF00FB1755 /* CppSound.hpp */,
				BF1680DD1AE984AF00FB1755 /* cs_par_structs.h */,
				BF1680DE1AE984AF00FB1755 /* cscore.h */,
				BF1680DF1AE984AF00FB1755 /* csdebug.h */,
				BF1680E01AE984AF00FB1755 /* csdl.h */,
				BF1680E11AE984AF00FB1755 /* csound_data_structures.h */,
				BF1680E21AE984AF00FB1755 /* csound_standard_types.h */,
				BF1680E31AE984AF00FB1755 /* csound_type_system.h */,
				BF1680E41AE984AF00FB1755 /* csound.h */,
				BF1680E51AE984AF00FB1755 /* csound.hpp */,
				BF1680E61AE984AF00FB1755 /* csoundCore.h */,
				BF1680E71AE984AF00FB1755 /* CsoundFile.hpp */,
				BF1680E81AE984AF00FB1755 /* csPerfThread.hpp */,
				BF1680E91AE984AF00FB1755 /* cwindow.h */,
				BF1680EA1AE984AF00FB1755 /* filebuilding.h */,
				BF1680EB1AE984AF00FB1755 /* float-version.h */,
				BF1680EC1AE984AF00FB1755 /* interlocks.h */,
				BF1680ED1AE984AF00FB1755 /* msg_attr.h */,
				BF1680EE1AE984AF00FB1755 /* OpcodeBase.hpp */,
				BF1680EF1AE984AF00FB1755 /* pools.h */,
				BF1680F01AE984AF00FB1755 /* pstream.h */,
				BF1680F11AE984AF00FB1755 /* pvfileio.h */,
				BF1680F21AE984AF00FB1755 /* soundio.h */,
				BF1680F31AE984AF00FB1755 /* sysdep.h */,
				BF1680F41AE984AF00FB1755 /* text.h */,
				BF1680F51AE984AF00FB1755 /* version.h */,
			);
			name = csound;
			sourceTree = "<group>";
		};
		BF2C5E401868565000DF51F5 = {
			isa = PBXGroup;
			children = (
				BF5DA3AB18BD1B070053453C /* modiqus */,
				BFFCF3E218B6A61A001BE6C9 /* ext */,
				BF92230918BA2CFF00EFD7E8 /* test_modiqus */,
				BF2C5E4A1868565100DF51F5 /* Products */,
			);
			sourceTree = "<group>";
		};
		BF2C5E4A1868565100DF51F5 /* Products */ = {
			isa = PBXGroup;
			children = (
				BF92230818BA2CFF00EFD7E8 /* test_modiqus */,
				BF5DA3A718BD1A550053453C /* libmodiqus.a */,
			);
			name = Products;
			sourceTree = "<group>";
		};
		BF2C5E5018685BE500DF51F5 /* inc */ = {
			isa = PBXGroup;
			children = (
				BF2C5E5D18685BE500DF51F5 /* modiqus.h */,
				BF2C5E5118685BE500DF51F5 /* mq_core_events.h */,
				BF2C5E5218685BE500DF51F5 /* mq_debug.h */,
				BF2C5E5318685BE500DF51F5 /* mq_event.h */,
				BF2C5E5418685BE500DF51F5 /* mq_io.h */,
				BF2C5E5618685BE500DF51F5 /* mq_thread.h */,
				BF2C5E5718685BE500DF51F5 /* mq_types.h */,
				BF2C5E5518685BE500DF51F5 /* mq_utils_math.h */,
				BF2C5E5818685BE500DF51F5 /* mq_utils_system.h */,
				BF1680C51AE97C2300FB1755 /* mqAnalysis.h */,
				BF2C5E5B18685BE500DF51F5 /* mqConfiguration.h */,
				BF2C5E5A18685BE500DF51F5 /* mqCore.h */,
				BF2C5E5C18685BE500DF51F5 /* mqCsoundWrapper.h */,
				BFD7996C1AF00E5E006AB607 /* mqFFT.h */,
			);
			name = inc;
			path = modiqus/inc;
			sourceTree = "<group>";
		};
		BF2C5E6B18685BF000DF51F5 /* src */ = {
			isa = PBXGroup;
			children = (
				BF1680C21AE97AF300FB1755 /* mqAnalysis.cpp */,
				BF2C5E6E18685BF000DF51F5 /* mqConfiguration.cpp */,
				BF2C5E6D18685BF000DF51F5 /* mqCore.cpp */,
				BF2C5E6F18685BF000DF51F5 /* mqCsoundWrapper.cpp */,
				BFD7996E1AF00E73006AB607 /* mqFFT.cpp */,
			);
			name = src;
			path = modiqus/src;
			sourceTree = "<group>";
		};
		BF2FAE0018B93273007F0519 /* pugixml */ = {
			isa = PBXGroup;
			children = (
				BF2FAE0118B93273007F0519 /* pugiconfig.hpp */,
				BF2FAE0218B93273007F0519 /* pugixml.cpp */,
				BF2FAE0318B93273007F0519 /* pugixml.hpp */,
			);
			name = pugixml;
			path = ext/pugixml;
			sourceTree = "<group>";
		};
		BF5DA3AB18BD1B070053453C /* modiqus */ = {
			isa = PBXGroup;
			children = (
				BF2C5E5018685BE500DF51F5 /* inc */,
				BF2C5E6B18685BF000DF51F5 /* src */,
			);
			name = modiqus;
			sourceTree = "<group>";
		};
		BF92230918BA2CFF00EFD7E8 /* test_modiqus */ = {
			isa = PBXGroup;
			children = (
				BF92230A18BA2CFF00EFD7E8 /* main.cpp */,
			);
			path = test_modiqus;
			sourceTree = "<group>";
		};
		BFFCF3E218B6A61A001BE6C9 /* ext */ = {
			isa = PBXGroup;
			children = (
				BF1680DA1AE984A100FB1755 /* csound */,
				BF1680C91AE9836F00FB1755 /* fftw */,
				BF2FAE0018B93273007F0519 /* pugixml */,
			);
			name = ext;
			sourceTree = "<group>";
		};
/* End PBXGroup section */

/* Begin PBXHeadersBuildPhase section */
		BF5DA3A518BD1A550053453C /* Headers */ = {
			isa = PBXHeadersBuildPhase;
			buildActionMask = 2147483647;
			files = (
				BF1681111AE984DA00FB1755 /* modiqus.h in Headers */,
				BF1681121AE984DD00FB1755 /* mq_core_events.h in Headers */,
				BF1681131AE984E000FB1755 /* mq_debug.h in Headers */,
				BF1681141AE984E300FB1755 /* mq_event.h in Headers */,
				BF1681151AE984E700FB1755 /* mq_io.h in Headers */,
				BF1681161AE984E900FB1755 /* mq_utils_math.h in Headers */,
				BF1681171AE984ED00FB1755 /* mq_thread.h in Headers */,
				BF1681181AE984F000FB1755 /* mq_types.h in Headers */,
				BF1681191AE984F500FB1755 /* mq_utils_system.h in Headers */,
				BF16811A1AE9850600FB1755 /* mqConfiguration.h in Headers */,
				BF16811B1AE9850900FB1755 /* mqCore.h in Headers */,
				BF16811C1AE9850E00FB1755 /* mqCsoundWrapper.h in Headers */,
				BFD7996D1AF00E5E006AB607 /* mqFFT.h in Headers */,
			);
			runOnlyForDeploymentPostprocessing = 0;
		};
/* End PBXHeadersBuildPhase section */

/* Begin PBXNativeTarget section */
		BF5DA3A618BD1A550053453C /* modiqus */ = {
			isa = PBXNativeTarget;
			buildConfigurationList = BF5DA3A818BD1A550053453C /* Build configuration list for PBXNativeTarget "modiqus" */;
			buildPhases = (
				BF5DA3A318BD1A550053453C /* Sources */,
				BF5DA3A418BD1A550053453C /* Frameworks */,
				BF5DA3A518BD1A550053453C /* Headers */,
			);
			buildRules = (
			);
			dependencies = (
			);
			name = modiqus;
			productName = test;
			productReference = BF5DA3A718BD1A550053453C /* libmodiqus.a */;
			productType = "com.apple.product-type.library.static";
		};
		BF92230718BA2CFF00EFD7E8 /* test_modiqus */ = {
			isa = PBXNativeTarget;
			buildConfigurationList = BF92230E18BA2CFF00EFD7E8 /* Build configuration list for PBXNativeTarget "test_modiqus" */;
			buildPhases = (
				BF92230418BA2CFF00EFD7E8 /* Sources */,
				BF92230518BA2CFF00EFD7E8 /* Frameworks */,
				BF92230618BA2CFF00EFD7E8 /* CopyFiles */,
				BFFE7EA918BE8BC9004F0651 /* ShellScript */,
			);
			buildRules = (
			);
			dependencies = (
				BF5DA3C518BD27F10053453C /* PBXTargetDependency */,
			);
			name = test_modiqus;
			productName = test_modiq;
			productReference = BF92230818BA2CFF00EFD7E8 /* test_modiqus */;
			productType = "com.apple.product-type.tool";
		};
/* End PBXNativeTarget section */

/* Begin PBXProject section */
		BF2C5E411868565000DF51F5 /* Project object */ = {
			isa = PBXProject;
			attributes = {
				LastUpgradeCheck = 0620;
				ORGANIZATIONNAME = Modicus;
			};
			buildConfigurationList = BF2C5E441868565000DF51F5 /* Build configuration list for PBXProject "modiqus" */;
			compatibilityVersion = "Xcode 3.2";
			developmentRegion = English;
			hasScannedForEncodings = 0;
			knownRegions = (
				en,
			);
			mainGroup = BF2C5E401868565000DF51F5;
			productRefGroup = BF2C5E4A1868565100DF51F5 /* Products */;
			projectDirPath = "";
			projectRoot = "";
			targets = (
				BF92230718BA2CFF00EFD7E8 /* test_modiqus */,
				BF5DA3A618BD1A550053453C /* modiqus */,
			);
		};
/* End PBXProject section */

/* Begin PBXShellScriptBuildPhase section */
		BFFE7EA918BE8BC9004F0651 /* ShellScript */ = {
			isa = PBXShellScriptBuildPhase;
			buildActionMask = 2147483647;
			files = (
			);
			inputPaths = (
			);
			outputPaths = (
			);
			runOnlyForDeploymentPostprocessing = 0;
			shellPath = /bin/sh;
			shellScript = "if [ \"${CONFIGURATION}\" = \"Debug\" ]; then\nTARGET_BUILD_DIR=$PROJECT_DIR/build/modiqus/Build/Products/Debug\nfi\n\nif [ \"${CONFIGURATION}\" = \"Release\" ]; then\nTARGET_BUILD_DIR=$PROJECT_DIR/build/modiqus/Build/Products/Release\nfi\n\nif [ ! -d ${TARGET_BUILD_DIR}/lib ]\nthen\nmkdir ${TARGET_BUILD_DIR}/lib\nfi\n\nif [ ! -d ${TARGET_BUILD_DIR}/resources ]\nthen\nmkdir ${TARGET_BUILD_DIR}/resources\nfi\n\nif [ \"${CONFIGURATION}\" = \"Debug\" ]; then\ncp -R $PROJECT_DIR/ext/csound/debug/CsoundLib.framework ${TARGET_BUILD_DIR}/lib\n#cp -R $PROJECT_DIR/ext/csound/debug/librtauhal.dylib ${TARGET_BUILD_DIR}/lib\nfi\n\nif [ \"${CONFIGURATION}\" = \"Release\" ]; then\ncp -R $PROJECT_DIR/ext/csound/release/CsoundLib.framework ${TARGET_BUILD_DIR}/lib\n#cp -R $PROJECT_DIR/ext/csound/release/librtauhal.dylib ${TARGET_BUILD_DIR}/lib\nfi\n\n#cp -R $PROJECT_DIR/ext/libsndfile.1.dylib ${TARGET_BUILD_DIR}/lib\ncp -R $PROJECT_DIR/resources/csound ${TARGET_BUILD_DIR}/resources\n";
		};
/* End PBXShellScriptBuildPhase section */

/* Begin PBXSourcesBuildPhase section */
		BF5DA3A318BD1A550053453C /* Sources */ = {
			isa = PBXSourcesBuildPhase;
			buildActionMask = 2147483647;
			files = (
				BF28E5C718BD42810037D98E /* mqCore.cpp in Sources */,
				BF5DA3C318BD26E40053453C /* mqConfiguration.cpp in Sources */,
				BFD7996F1AF00E73006AB607 /* mqFFT.cpp in Sources */,
				BF5DA3BD18BD22260053453C /* mqCsoundWrapper.cpp in Sources */,
			);
			runOnlyForDeploymentPostprocessing = 0;
		};
		BF92230418BA2CFF00EFD7E8 /* Sources */ = {
			isa = PBXSourcesBuildPhase;
			buildActionMask = 2147483647;
			files = (
				BF92230B18BA2CFF00EFD7E8 /* main.cpp in Sources */,
			);
			runOnlyForDeploymentPostprocessing = 0;
		};
/* End PBXSourcesBuildPhase section */

/* Begin PBXTargetDependency section */
		BF5DA3C518BD27F10053453C /* PBXTargetDependency */ = {
			isa = PBXTargetDependency;
			target = BF5DA3A618BD1A550053453C /* modiqus */;
			targetProxy = BF5DA3C418BD27F10053453C /* PBXContainerItemProxy */;
		};
/* End PBXTargetDependency section */

/* Begin XCBuildConfiguration section */
		BF2C5E4B1868565100DF51F5 /* Debug */ = {
			isa = XCBuildConfiguration;
			buildSettings = {
				ALWAYS_SEARCH_USER_PATHS = NO;
				ARCHS = "$(ARCHS_STANDARD_32_64_BIT)";
				CLANG_CXX_LANGUAGE_STANDARD = "gnu++98";
				CLANG_CXX_LIBRARY = "libstdc++";
				CLANG_ENABLE_OBJC_ARC = NO;
				CLANG_WARN_BOOL_CONVERSION = YES;
				CLANG_WARN_CONSTANT_CONVERSION = YES;
				CLANG_WARN_DIRECT_OBJC_ISA_USAGE = YES_ERROR;
				CLANG_WARN_EMPTY_BODY = YES;
				CLANG_WARN_ENUM_CONVERSION = YES;
				CLANG_WARN_INT_CONVERSION = YES;
				CLANG_WARN_OBJC_ROOT_CLASS = YES_ERROR;
				CLANG_WARN__DUPLICATE_METHOD_MATCH = YES;
				COPY_PHASE_STRIP = NO;
				GCC_C_LANGUAGE_STANDARD = gnu99;
				GCC_DYNAMIC_NO_PIC = NO;
				GCC_ENABLE_OBJC_EXCEPTIONS = YES;
				GCC_OPTIMIZATION_LEVEL = 0;
				GCC_PREPROCESSOR_DEFINITIONS = (
					"DEBUG=1",
					"$(inherited)",
				);
				GCC_SYMBOLS_PRIVATE_EXTERN = NO;
				GCC_WARN_64_TO_32_BIT_CONVERSION = YES;
				GCC_WARN_ABOUT_RETURN_TYPE = YES_ERROR;
				GCC_WARN_UNDECLARED_SELECTOR = YES;
				GCC_WARN_UNINITIALIZED_AUTOS = YES;
				GCC_WARN_UNKNOWN_PRAGMAS = YES;
				GCC_WARN_UNUSED_FUNCTION = YES;
				GCC_WARN_UNUSED_VARIABLE = YES;
				MACOSX_DEPLOYMENT_TARGET = 10.7;
				ONLY_ACTIVE_ARCH = NO;
				PRECOMPS_INCLUDE_HEADERS_FROM_BUILT_PRODUCTS_DIR = NO;
				SCAN_ALL_SOURCE_FILES_FOR_INCLUDES = YES;
				SDKROOT = macosx10.7;
			};
			name = Debug;
		};
		BF2C5E4C1868565100DF51F5 /* Release */ = {
			isa = XCBuildConfiguration;
			buildSettings = {
				ALWAYS_SEARCH_USER_PATHS = NO;
				ARCHS = "$(ARCHS_STANDARD_32_64_BIT)";
				CLANG_CXX_LANGUAGE_STANDARD = "gnu++98";
				CLANG_CXX_LIBRARY = "libstdc++";
				CLANG_ENABLE_OBJC_ARC = NO;
				CLANG_WARN_BOOL_CONVERSION = YES;
				CLANG_WARN_CONSTANT_CONVERSION = YES;
				CLANG_WARN_DIRECT_OBJC_ISA_USAGE = YES_ERROR;
				CLANG_WARN_EMPTY_BODY = YES;
				CLANG_WARN_ENUM_CONVERSION = YES;
				CLANG_WARN_INT_CONVERSION = YES;
				CLANG_WARN_OBJC_ROOT_CLASS = YES_ERROR;
				CLANG_WARN__DUPLICATE_METHOD_MATCH = YES;
				COPY_PHASE_STRIP = YES;
				DEBUG_INFORMATION_FORMAT = "dwarf-with-dsym";
				ENABLE_NS_ASSERTIONS = NO;
				GCC_C_LANGUAGE_STANDARD = gnu99;
				GCC_ENABLE_OBJC_EXCEPTIONS = YES;
				GCC_WARN_64_TO_32_BIT_CONVERSION = YES;
				GCC_WARN_ABOUT_RETURN_TYPE = YES_ERROR;
				GCC_WARN_UNDECLARED_SELECTOR = YES;
				GCC_WARN_UNINITIALIZED_AUTOS = YES;
				GCC_WARN_UNKNOWN_PRAGMAS = YES;
				GCC_WARN_UNUSED_FUNCTION = YES;
				GCC_WARN_UNUSED_VARIABLE = YES;
				MACOSX_DEPLOYMENT_TARGET = 10.7;
				ONLY_ACTIVE_ARCH = NO;
				PRECOMPS_INCLUDE_HEADERS_FROM_BUILT_PRODUCTS_DIR = NO;
				SCAN_ALL_SOURCE_FILES_FOR_INCLUDES = YES;
				SDKROOT = macosx10.7;
			};
			name = Release;
		};
		BF5DA3A918BD1A550053453C /* Debug */ = {
			isa = XCBuildConfiguration;
			buildSettings = {
				CLANG_CXX_LANGUAGE_STANDARD = "gnu++98";
				CLANG_CXX_LIBRARY = "libstdc++";
				CLANG_ENABLE_OBJC_ARC = YES;
				COMBINE_HIDPI_IMAGES = YES;
				DEBUG_INFORMATION_FORMAT = dwarf;
				EXECUTABLE_PREFIX = lib;
				FRAMEWORK_SEARCH_PATHS = (
					"$(inherited)",
					"$(PROJECT_DIR)/ext/csound/debug",
				);
				GCC_PREPROCESSOR_DEFINITIONS = (
					"DEBUG=1",
					"$(inherited)",
				);
				GCC_WARN_UNUSED_FUNCTION = YES;
				HEADER_SEARCH_PATHS = (
					"$(inherited)",
					/Applications/Xcode.app/Contents/Developer/Toolchains/XcodeDefault.xctoolchain/usr/include,
					"$(PROJECT_DIR)/ext/csound/debug/CsoundLib.framework/Headers",
					"$(PROJECT_DIR)/ext/fftw/inc",
				);
				LIBRARY_SEARCH_PATHS = "$(PROJECT_DIR)/ext/fftw/lib";
				MACOSX_DEPLOYMENT_TARGET = 10.7;
				ONLY_ACTIVE_ARCH = NO;
				OTHER_LDFLAGS = (
					"-framework",
					CsoundLib,
				);
				PRODUCT_NAME = "$(TARGET_NAME)";
				SDKROOT = macosx10.7;
				SYMROOT = build;
			};
			name = Debug;
		};
		BF5DA3AA18BD1A550053453C /* Release */ = {
			isa = XCBuildConfiguration;
			buildSettings = {
				CLANG_CXX_LANGUAGE_STANDARD = "gnu++98";
				CLANG_CXX_LIBRARY = "libstdc++";
				CLANG_ENABLE_OBJC_ARC = YES;
				COMBINE_HIDPI_IMAGES = YES;
				EXECUTABLE_PREFIX = lib;
				FRAMEWORK_SEARCH_PATHS = (
					"$(inherited)",
					"$(PROJECT_DIR)/ext/csound/release",
				);
				GCC_WARN_UNUSED_FUNCTION = YES;
				HEADER_SEARCH_PATHS = (
					"$(inherited)",
					/Applications/Xcode.app/Contents/Developer/Toolchains/XcodeDefault.xctoolchain/usr/include,
					"$(PROJECT_DIR)/ext/csound/release/CsoundLib.framework/Headers",
					"$(PROJECT_DIR)/ext/fftw/inc",
				);
				LIBRARY_SEARCH_PATHS = "$(PROJECT_DIR)/ext/fftw/lib";
				MACOSX_DEPLOYMENT_TARGET = 10.7;
				ONLY_ACTIVE_ARCH = NO;
				OTHER_LDFLAGS = (
					"-framework",
					CsoundLib,
				);
				PRODUCT_NAME = "$(TARGET_NAME)";
				SDKROOT = macosx10.7;
				SYMROOT = build;
			};
			name = Release;
		};
		BF92230F18BA2CFF00EFD7E8 /* Debug */ = {
			isa = XCBuildConfiguration;
			buildSettings = {
				CLANG_CXX_LANGUAGE_STANDARD = "gnu++98";
				CLANG_CXX_LIBRARY = "libstdc++";
				CLANG_ENABLE_OBJC_ARC = YES;
				FRAMEWORK_SEARCH_PATHS = (
					"$(inherited)",
					"$(PROJECT_DIR)/ext/csound/debug",
				);
				GCC_PREPROCESSOR_DEFINITIONS = (
					"DEBUG=1",
					"$(inherited)",
				);
				GCC_WARN_UNUSED_FUNCTION = NO;
				HEADER_SEARCH_PATHS = (
					"$(inherited)",
					/Applications/Xcode.app/Contents/Developer/Toolchains/XcodeDefault.xctoolchain/usr/include,
					"$(PROJECT_DIR)/ext/csound/debug/CsoundLib.framework/Headers",
				);
				LIBRARY_SEARCH_PATHS = "$(TARGET_BUILD_DIR)/lib";
				MACOSX_DEPLOYMENT_TARGET = 10.7;
				ONLY_ACTIVE_ARCH = NO;
				OTHER_LDFLAGS = (
					"-lmodiqus",
					"-framework",
					CsoundLib,
				);
				PRODUCT_NAME = test_modiqus;
				SDKROOT = macosx;
			};
			name = Debug;
		};
		BF92231018BA2CFF00EFD7E8 /* Release */ = {
			isa = XCBuildConfiguration;
			buildSettings = {
				CLANG_CXX_LANGUAGE_STANDARD = "gnu++98";
				CLANG_CXX_LIBRARY = "libstdc++";
				CLANG_ENABLE_OBJC_ARC = YES;
				FRAMEWORK_SEARCH_PATHS = (
					"$(inherited)",
					"$(PROJECT_DIR)/ext/csound/release",
				);
				GCC_WARN_UNUSED_FUNCTION = NO;
				HEADER_SEARCH_PATHS = (
					"$(inherited)",
					/Applications/Xcode.app/Contents/Developer/Toolchains/XcodeDefault.xctoolchain/usr/include,
					"$(PROJECT_DIR)/ext/csound/release/CsoundLib.framework/Headers",
				);
				LIBRARY_SEARCH_PATHS = "$(TARGET_BUILD_DIR)/lib";
				MACOSX_DEPLOYMENT_TARGET = 10.7;
				ONLY_ACTIVE_ARCH = NO;
				OTHER_LDFLAGS = (
					"-lmodiqus",
					"-framework",
					CsoundLib,
				);
				PRODUCT_NAME = test_modiqus;
				SDKROOT = macosx;
			};
			name = Release;
		};
/* End XCBuildConfiguration section */

/* Begin XCConfigurationList section */
		BF2C5E441868565000DF51F5 /* Build configuration list for PBXProject "modiqus" */ = {
			isa = XCConfigurationList;
			buildConfigurations = (
				BF2C5E4B1868565100DF51F5 /* Debug */,
				BF2C5E4C1868565100DF51F5 /* Release */,
			);
			defaultConfigurationIsVisible = 0;
			defaultConfigurationName = Release;
		};
		BF5DA3A818BD1A550053453C /* Build configuration list for PBXNativeTarget "modiqus" */ = {
			isa = XCConfigurationList;
			buildConfigurations = (
				BF5DA3A918BD1A550053453C /* Debug */,
				BF5DA3AA18BD1A550053453C /* Release */,
			);
			defaultConfigurationIsVisible = 0;
			defaultConfigurationName = Release;
		};
		BF92230E18BA2CFF00EFD7E8 /* Build configuration list for PBXNativeTarget "test_modiqus" */ = {
			isa = XCConfigurationList;
			buildConfigurations = (
				BF92230F18BA2CFF00EFD7E8 /* Debug */,
				BF92231018BA2CFF00EFD7E8 /* Release */,
			);
			defaultConfigurationIsVisible = 0;
			defaultConfigurationName = Release;
		};
/* End XCConfigurationList section */
	};
	rootObject = BF2C5E411868565000DF51F5 /* Project object */;
}
